// !$*UTF8*$!
{
	archiveVersion = 1;
	classes = {
	};
	objectVersion = 50;
	objects = {

/* Begin PBXBuildFile section */
		50444F7C24D887110048EFE7 /* AppDelegate.m in Sources */ = {isa = PBXBuildFile; fileRef = 50444F7B24D887110048EFE7 /* AppDelegate.m */; };
		50444F7F24D887110048EFE7 /* SceneDelegate.m in Sources */ = {isa = PBXBuildFile; fileRef = 50444F7E24D887110048EFE7 /* SceneDelegate.m */; };
		50444F8524D887110048EFE7 /* Main.storyboard in Resources */ = {isa = PBXBuildFile; fileRef = 50444F8324D887110048EFE7 /* Main.storyboard */; };
		50444F8724D887130048EFE7 /* Assets.xcassets in Resources */ = {isa = PBXBuildFile; fileRef = 50444F8624D887130048EFE7 /* Assets.xcassets */; };
		50444F8A24D887130048EFE7 /* LaunchScreen.storyboard in Resources */ = {isa = PBXBuildFile; fileRef = 50444F8824D887130048EFE7 /* LaunchScreen.storyboard */; };
		50444F8D24D887130048EFE7 /* main.m in Sources */ = {isa = PBXBuildFile; fileRef = 50444F8C24D887130048EFE7 /* main.m */; };
		50444F9B24D887620048EFE7 /* LSILog.m in Sources */ = {isa = PBXBuildFile; fileRef = 50444F9424D887620048EFE7 /* LSILog.m */; };
		50444F9C24D887620048EFE7 /* LSIErrors.m in Sources */ = {isa = PBXBuildFile; fileRef = 50444F9524D887620048EFE7 /* LSIErrors.m */; };
		50444F9D24D887620048EFE7 /* LSIFileHelper.m in Sources */ = {isa = PBXBuildFile; fileRef = 50444F9624D887620048EFE7 /* LSIFileHelper.m */; };
		50444F9E24D887620048EFE7 /* URL+Secure.swift in Sources */ = {isa = PBXBuildFile; fileRef = 50444F9A24D887620048EFE7 /* URL+Secure.swift */; };
		50B524D824D88BF00042BFA1 /* LSIPhotoOfTheDayDetailViewController.m in Sources */ = {isa = PBXBuildFile; fileRef = 50B524D724D88BF00042BFA1 /* LSIPhotoOfTheDayDetailViewController.m */; };
		50B524DB24D88C9F0042BFA1 /* LSIPhotoOfTheDayController.m in Sources */ = {isa = PBXBuildFile; fileRef = 50B524DA24D88C9F0042BFA1 /* LSIPhotoOfTheDayController.m */; };
		50B524DD24D88CF70042BFA1 /* PhotoOfTheDay.json in Resources */ = {isa = PBXBuildFile; fileRef = 50B524DC24D88CF70042BFA1 /* PhotoOfTheDay.json */; };
		50B524E024D88D180042BFA1 /* LSIPhotoOfTheDay.m in Sources */ = {isa = PBXBuildFile; fileRef = 50B524DF24D88D180042BFA1 /* LSIPhotoOfTheDay.m */; };
		50B524E324D8C5600042BFA1 /* LSIPhotosOfTheDaysResults.m in Sources */ = {isa = PBXBuildFile; fileRef = 50B524E224D8C5600042BFA1 /* LSIPhotosOfTheDaysResults.m */; };
		50B524E624D9AF170042BFA1 /* LSISplashScreenViewController.m in Sources */ = {isa = PBXBuildFile; fileRef = 50B524E524D9AF170042BFA1 /* LSISplashScreenViewController.m */; };
		50B524E824D9C5200042BFA1 /* LSIPhotosCollectionViewController.swift in Sources */ = {isa = PBXBuildFile; fileRef = 50B524E724D9C5200042BFA1 /* LSIPhotosCollectionViewController.swift */; };
		50B524ED24D9CBDC0042BFA1 /* LSIPhotoCollectionViewCell.swift in Sources */ = {isa = PBXBuildFile; fileRef = 50B524EC24D9CBDC0042BFA1 /* LSIPhotoCollectionViewCell.swift */; };
		50B524F024D9EB2A0042BFA1 /* LSIPhotoFetchOperation.m in Sources */ = {isa = PBXBuildFile; fileRef = 50B524EF24D9EB2A0042BFA1 /* LSIPhotoFetchOperation.m */; };
		50B524F224DA45B00042BFA1 /* ConcurrentOperation.swift in Sources */ = {isa = PBXBuildFile; fileRef = 50B524F124DA45B00042BFA1 /* ConcurrentOperation.swift */; };
		50B524F424DA46BB0042BFA1 /* PhotoFetchOperation.swift in Sources */ = {isa = PBXBuildFile; fileRef = 50B524F324DA46BB0042BFA1 /* PhotoFetchOperation.swift */; };
		50B524F624DA47260042BFA1 /* FilterImageOperation.swift in Sources */ = {isa = PBXBuildFile; fileRef = 50B524F524DA47260042BFA1 /* FilterImageOperation.swift */; };
		50B524F824DA47BF0042BFA1 /* Image+Filtering.swift in Sources */ = {isa = PBXBuildFile; fileRef = 50B524F724DA47BF0042BFA1 /* Image+Filtering.swift */; };
		50B524FA24DA4AC10042BFA1 /* Cache.swift in Sources */ = {isa = PBXBuildFile; fileRef = 50B524F924DA4AC10042BFA1 /* Cache.swift */; };
/* End PBXBuildFile section */

/* Begin PBXFileReference section */
		50444F7724D887110048EFE7 /* AstronomyPictureOfTheDay.app */ = {isa = PBXFileReference; explicitFileType = wrapper.application; includeInIndex = 0; path = AstronomyPictureOfTheDay.app; sourceTree = BUILT_PRODUCTS_DIR; };
		50444F7A24D887110048EFE7 /* AppDelegate.h */ = {isa = PBXFileReference; lastKnownFileType = sourcecode.c.h; path = AppDelegate.h; sourceTree = "<group>"; };
		50444F7B24D887110048EFE7 /* AppDelegate.m */ = {isa = PBXFileReference; lastKnownFileType = sourcecode.c.objc; path = AppDelegate.m; sourceTree = "<group>"; };
		50444F7D24D887110048EFE7 /* SceneDelegate.h */ = {isa = PBXFileReference; lastKnownFileType = sourcecode.c.h; path = SceneDelegate.h; sourceTree = "<group>"; };
		50444F7E24D887110048EFE7 /* SceneDelegate.m */ = {isa = PBXFileReference; lastKnownFileType = sourcecode.c.objc; path = SceneDelegate.m; sourceTree = "<group>"; };
		50444F8424D887110048EFE7 /* Base */ = {isa = PBXFileReference; lastKnownFileType = file.storyboard; name = Base; path = Base.lproj/Main.storyboard; sourceTree = "<group>"; };
		50444F8624D887130048EFE7 /* Assets.xcassets */ = {isa = PBXFileReference; lastKnownFileType = folder.assetcatalog; path = Assets.xcassets; sourceTree = "<group>"; };
		50444F8924D887130048EFE7 /* Base */ = {isa = PBXFileReference; lastKnownFileType = file.storyboard; name = Base; path = Base.lproj/LaunchScreen.storyboard; sourceTree = "<group>"; };
		50444F8B24D887130048EFE7 /* Info.plist */ = {isa = PBXFileReference; lastKnownFileType = text.plist.xml; path = Info.plist; sourceTree = "<group>"; };
		50444F8C24D887130048EFE7 /* main.m */ = {isa = PBXFileReference; lastKnownFileType = sourcecode.c.objc; path = main.m; sourceTree = "<group>"; };
		50444F9424D887620048EFE7 /* LSILog.m */ = {isa = PBXFileReference; fileEncoding = 4; lastKnownFileType = sourcecode.c.objc; path = LSILog.m; sourceTree = "<group>"; };
		50444F9524D887620048EFE7 /* LSIErrors.m */ = {isa = PBXFileReference; fileEncoding = 4; lastKnownFileType = sourcecode.c.objc; path = LSIErrors.m; sourceTree = "<group>"; };
		50444F9624D887620048EFE7 /* LSIFileHelper.m */ = {isa = PBXFileReference; fileEncoding = 4; lastKnownFileType = sourcecode.c.objc; path = LSIFileHelper.m; sourceTree = "<group>"; };
		50444F9724D887620048EFE7 /* LSIFileHelper.h */ = {isa = PBXFileReference; fileEncoding = 4; lastKnownFileType = sourcecode.c.h; path = LSIFileHelper.h; sourceTree = "<group>"; };
		50444F9824D887620048EFE7 /* LSIErrors.h */ = {isa = PBXFileReference; fileEncoding = 4; lastKnownFileType = sourcecode.c.h; path = LSIErrors.h; sourceTree = "<group>"; };
		50444F9924D887620048EFE7 /* LSILog.h */ = {isa = PBXFileReference; fileEncoding = 4; lastKnownFileType = sourcecode.c.h; path = LSILog.h; sourceTree = "<group>"; };
		50444F9A24D887620048EFE7 /* URL+Secure.swift */ = {isa = PBXFileReference; fileEncoding = 4; lastKnownFileType = sourcecode.swift; path = "URL+Secure.swift"; sourceTree = "<group>"; };
		50B524D324D88BCF0042BFA1 /* LSIPhotosOfTheDayCollectionViewController.h */ = {isa = PBXFileReference; lastKnownFileType = sourcecode.c.h; path = LSIPhotosOfTheDayCollectionViewController.h; sourceTree = "<group>"; };
		50B524D424D88BCF0042BFA1 /* LSIPhotosOfTheDayCollectionViewController.m */ = {isa = PBXFileReference; lastKnownFileType = sourcecode.c.objc; path = LSIPhotosOfTheDayCollectionViewController.m; sourceTree = "<group>"; };
		50B524D624D88BF00042BFA1 /* LSIPhotoOfTheDayDetailViewController.h */ = {isa = PBXFileReference; lastKnownFileType = sourcecode.c.h; path = LSIPhotoOfTheDayDetailViewController.h; sourceTree = "<group>"; };
		50B524D724D88BF00042BFA1 /* LSIPhotoOfTheDayDetailViewController.m */ = {isa = PBXFileReference; lastKnownFileType = sourcecode.c.objc; path = LSIPhotoOfTheDayDetailViewController.m; sourceTree = "<group>"; };
		50B524D924D88C9F0042BFA1 /* LSIPhotoOfTheDayController.h */ = {isa = PBXFileReference; lastKnownFileType = sourcecode.c.h; path = LSIPhotoOfTheDayController.h; sourceTree = "<group>"; };
		50B524DA24D88C9F0042BFA1 /* LSIPhotoOfTheDayController.m */ = {isa = PBXFileReference; lastKnownFileType = sourcecode.c.objc; path = LSIPhotoOfTheDayController.m; sourceTree = "<group>"; };
		50B524DC24D88CF70042BFA1 /* PhotoOfTheDay.json */ = {isa = PBXFileReference; lastKnownFileType = text.json; path = PhotoOfTheDay.json; sourceTree = "<group>"; };
		50B524DE24D88D180042BFA1 /* LSIPhotoOfTheDay.h */ = {isa = PBXFileReference; lastKnownFileType = sourcecode.c.h; path = LSIPhotoOfTheDay.h; sourceTree = "<group>"; };
		50B524DF24D88D180042BFA1 /* LSIPhotoOfTheDay.m */ = {isa = PBXFileReference; lastKnownFileType = sourcecode.c.objc; path = LSIPhotoOfTheDay.m; sourceTree = "<group>"; };
		50B524E124D8C5600042BFA1 /* LSIPhotosOfTheDaysResults.h */ = {isa = PBXFileReference; lastKnownFileType = sourcecode.c.h; path = LSIPhotosOfTheDaysResults.h; sourceTree = "<group>"; };
		50B524E224D8C5600042BFA1 /* LSIPhotosOfTheDaysResults.m */ = {isa = PBXFileReference; lastKnownFileType = sourcecode.c.objc; path = LSIPhotosOfTheDaysResults.m; sourceTree = "<group>"; };
		50B524E424D9AF170042BFA1 /* LSISplashScreenViewController.h */ = {isa = PBXFileReference; lastKnownFileType = sourcecode.c.h; path = LSISplashScreenViewController.h; sourceTree = "<group>"; };
		50B524E524D9AF170042BFA1 /* LSISplashScreenViewController.m */ = {isa = PBXFileReference; lastKnownFileType = sourcecode.c.objc; path = LSISplashScreenViewController.m; sourceTree = "<group>"; };
		50B524E724D9C5200042BFA1 /* LSIPhotosCollectionViewController.swift */ = {isa = PBXFileReference; lastKnownFileType = sourcecode.swift; path = LSIPhotosCollectionViewController.swift; sourceTree = "<group>"; };
		50B524EB24D9C6890042BFA1 /* AstronomyPictureOfTheDay.h */ = {isa = PBXFileReference; lastKnownFileType = sourcecode.c.h; path = AstronomyPictureOfTheDay.h; sourceTree = "<group>"; };
		50B524EC24D9CBDC0042BFA1 /* LSIPhotoCollectionViewCell.swift */ = {isa = PBXFileReference; lastKnownFileType = sourcecode.swift; path = LSIPhotoCollectionViewCell.swift; sourceTree = "<group>"; };
		50B524EE24D9EB2A0042BFA1 /* LSIPhotoFetchOperation.h */ = {isa = PBXFileReference; lastKnownFileType = sourcecode.c.h; path = LSIPhotoFetchOperation.h; sourceTree = "<group>"; };
		50B524EF24D9EB2A0042BFA1 /* LSIPhotoFetchOperation.m */ = {isa = PBXFileReference; lastKnownFileType = sourcecode.c.objc; path = LSIPhotoFetchOperation.m; sourceTree = "<group>"; };
		50B524F124DA45B00042BFA1 /* ConcurrentOperation.swift */ = {isa = PBXFileReference; lastKnownFileType = sourcecode.swift; path = ConcurrentOperation.swift; sourceTree = "<group>"; };
		50B524F324DA46BB0042BFA1 /* PhotoFetchOperation.swift */ = {isa = PBXFileReference; lastKnownFileType = sourcecode.swift; path = PhotoFetchOperation.swift; sourceTree = "<group>"; };
		50B524F524DA47260042BFA1 /* FilterImageOperation.swift */ = {isa = PBXFileReference; lastKnownFileType = sourcecode.swift; path = FilterImageOperation.swift; sourceTree = "<group>"; };
		50B524F724DA47BF0042BFA1 /* Image+Filtering.swift */ = {isa = PBXFileReference; lastKnownFileType = sourcecode.swift; path = "Image+Filtering.swift"; sourceTree = "<group>"; };
		50B524F924DA4AC10042BFA1 /* Cache.swift */ = {isa = PBXFileReference; lastKnownFileType = sourcecode.swift; path = Cache.swift; sourceTree = "<group>"; };
/* End PBXFileReference section */

/* Begin PBXFrameworksBuildPhase section */
		50444F7424D887110048EFE7 /* Frameworks */ = {
			isa = PBXFrameworksBuildPhase;
			buildActionMask = 2147483647;
			files = (
			);
			runOnlyForDeploymentPostprocessing = 0;
		};
/* End PBXFrameworksBuildPhase section */

/* Begin PBXGroup section */
		50444F6E24D887110048EFE7 = {
			isa = PBXGroup;
			children = (
				50444F7924D887110048EFE7 /* AstronomyPictureOfTheDay */,
				50444F7824D887110048EFE7 /* Products */,
			);
			sourceTree = "<group>";
		};
		50444F7824D887110048EFE7 /* Products */ = {
			isa = PBXGroup;
			children = (
				50444F7724D887110048EFE7 /* AstronomyPictureOfTheDay.app */,
			);
			name = Products;
			sourceTree = "<group>";
		};
		50444F7924D887110048EFE7 /* AstronomyPictureOfTheDay */ = {
			isa = PBXGroup;
			children = (
				50444F7A24D887110048EFE7 /* AppDelegate.h */,
				50444F7B24D887110048EFE7 /* AppDelegate.m */,
				50444F7D24D887110048EFE7 /* SceneDelegate.h */,
				50444F7E24D887110048EFE7 /* SceneDelegate.m */,
				50444F8324D887110048EFE7 /* Main.storyboard */,
				50444F8624D887130048EFE7 /* Assets.xcassets */,
				50444F8824D887130048EFE7 /* LaunchScreen.storyboard */,
				50444F8B24D887130048EFE7 /* Info.plist */,
				50444F8C24D887130048EFE7 /* main.m */,
				50444F9324D887620048EFE7 /* LambdaSDK */,
				50B524D324D88BCF0042BFA1 /* LSIPhotosOfTheDayCollectionViewController.h */,
				50B524D424D88BCF0042BFA1 /* LSIPhotosOfTheDayCollectionViewController.m */,
				50B524D624D88BF00042BFA1 /* LSIPhotoOfTheDayDetailViewController.h */,
				50B524D724D88BF00042BFA1 /* LSIPhotoOfTheDayDetailViewController.m */,
				50B524D924D88C9F0042BFA1 /* LSIPhotoOfTheDayController.h */,
				50B524DA24D88C9F0042BFA1 /* LSIPhotoOfTheDayController.m */,
				50B524DC24D88CF70042BFA1 /* PhotoOfTheDay.json */,
				50B524DE24D88D180042BFA1 /* LSIPhotoOfTheDay.h */,
				50B524DF24D88D180042BFA1 /* LSIPhotoOfTheDay.m */,
				50B524E124D8C5600042BFA1 /* LSIPhotosOfTheDaysResults.h */,
				50B524E224D8C5600042BFA1 /* LSIPhotosOfTheDaysResults.m */,
				50B524E424D9AF170042BFA1 /* LSISplashScreenViewController.h */,
				50B524E524D9AF170042BFA1 /* LSISplashScreenViewController.m */,
				50B524E724D9C5200042BFA1 /* LSIPhotosCollectionViewController.swift */,
				50B524EB24D9C6890042BFA1 /* AstronomyPictureOfTheDay.h */,
				50B524EC24D9CBDC0042BFA1 /* LSIPhotoCollectionViewCell.swift */,
				50B524EE24D9EB2A0042BFA1 /* LSIPhotoFetchOperation.h */,
				50B524EF24D9EB2A0042BFA1 /* LSIPhotoFetchOperation.m */,
				50B524F124DA45B00042BFA1 /* ConcurrentOperation.swift */,
				50B524F324DA46BB0042BFA1 /* PhotoFetchOperation.swift */,
				50B524F524DA47260042BFA1 /* FilterImageOperation.swift */,
				50B524F724DA47BF0042BFA1 /* Image+Filtering.swift */,
				50B524F924DA4AC10042BFA1 /* Cache.swift */,
			);
			path = AstronomyPictureOfTheDay;
			sourceTree = "<group>";
		};
		50444F9324D887620048EFE7 /* LambdaSDK */ = {
			isa = PBXGroup;
			children = (
				50444F9424D887620048EFE7 /* LSILog.m */,
				50444F9524D887620048EFE7 /* LSIErrors.m */,
				50444F9624D887620048EFE7 /* LSIFileHelper.m */,
				50444F9724D887620048EFE7 /* LSIFileHelper.h */,
				50444F9824D887620048EFE7 /* LSIErrors.h */,
				50444F9924D887620048EFE7 /* LSILog.h */,
				50444F9A24D887620048EFE7 /* URL+Secure.swift */,
			);
			name = LambdaSDK;
			path = ../../LambdaSDK;
			sourceTree = "<group>";
		};
/* End PBXGroup section */

/* Begin PBXNativeTarget section */
		50444F7624D887110048EFE7 /* AstronomyPictureOfTheDay */ = {
			isa = PBXNativeTarget;
			buildConfigurationList = 50444F9024D887130048EFE7 /* Build configuration list for PBXNativeTarget "AstronomyPictureOfTheDay" */;
			buildPhases = (
				50444F7324D887110048EFE7 /* Sources */,
				50444F7424D887110048EFE7 /* Frameworks */,
				50444F7524D887110048EFE7 /* Resources */,
			);
			buildRules = (
			);
			dependencies = (
			);
			name = AstronomyPictureOfTheDay;
			productName = AstronomyPictureOfTheDay;
			productReference = 50444F7724D887110048EFE7 /* AstronomyPictureOfTheDay.app */;
			productType = "com.apple.product-type.application";
		};
/* End PBXNativeTarget section */

/* Begin PBXProject section */
		50444F6F24D887110048EFE7 /* Project object */ = {
			isa = PBXProject;
			attributes = {
				LastUpgradeCheck = 1160;
				ORGANIZATIONNAME = "Kelson Hartle";
				TargetAttributes = {
					50444F7624D887110048EFE7 = {
						CreatedOnToolsVersion = 11.6;
					};
				};
			};
			buildConfigurationList = 50444F7224D887110048EFE7 /* Build configuration list for PBXProject "AstronomyPictureOfTheDay" */;
			compatibilityVersion = "Xcode 9.3";
			developmentRegion = en;
			hasScannedForEncodings = 0;
			knownRegions = (
				en,
				Base,
			);
			mainGroup = 50444F6E24D887110048EFE7;
			productRefGroup = 50444F7824D887110048EFE7 /* Products */;
			projectDirPath = "";
			projectRoot = "";
			targets = (
				50444F7624D887110048EFE7 /* AstronomyPictureOfTheDay */,
			);
		};
/* End PBXProject section */

/* Begin PBXResourcesBuildPhase section */
		50444F7524D887110048EFE7 /* Resources */ = {
			isa = PBXResourcesBuildPhase;
			buildActionMask = 2147483647;
			files = (
				50B524DD24D88CF70042BFA1 /* PhotoOfTheDay.json in Resources */,
				50444F8A24D887130048EFE7 /* LaunchScreen.storyboard in Resources */,
				50444F8724D887130048EFE7 /* Assets.xcassets in Resources */,
				50444F8524D887110048EFE7 /* Main.storyboard in Resources */,
			);
			runOnlyForDeploymentPostprocessing = 0;
		};
/* End PBXResourcesBuildPhase section */

/* Begin PBXSourcesBuildPhase section */
		50444F7324D887110048EFE7 /* Sources */ = {
			isa = PBXSourcesBuildPhase;
			buildActionMask = 2147483647;
			files = (
				50B524E824D9C5200042BFA1 /* LSIPhotosCollectionViewController.swift in Sources */,
				50B524E324D8C5600042BFA1 /* LSIPhotosOfTheDaysResults.m in Sources */,
				50B524F024D9EB2A0042BFA1 /* LSIPhotoFetchOperation.m in Sources */,
				50B524ED24D9CBDC0042BFA1 /* LSIPhotoCollectionViewCell.swift in Sources */,
				50444F9E24D887620048EFE7 /* URL+Secure.swift in Sources */,
				50B524D824D88BF00042BFA1 /* LSIPhotoOfTheDayDetailViewController.m in Sources */,
				50B524FA24DA4AC10042BFA1 /* Cache.swift in Sources */,
				50B524F424DA46BB0042BFA1 /* PhotoFetchOperation.swift in Sources */,
				50444F9B24D887620048EFE7 /* LSILog.m in Sources */,
				50444F7C24D887110048EFE7 /* AppDelegate.m in Sources */,
				50B524F224DA45B00042BFA1 /* ConcurrentOperation.swift in Sources */,
				50444F8D24D887130048EFE7 /* main.m in Sources */,
				50444F9D24D887620048EFE7 /* LSIFileHelper.m in Sources */,
				50444F7F24D887110048EFE7 /* SceneDelegate.m in Sources */,
				50B524E024D88D180042BFA1 /* LSIPhotoOfTheDay.m in Sources */,
				50B524DB24D88C9F0042BFA1 /* LSIPhotoOfTheDayController.m in Sources */,
				50B524F624DA47260042BFA1 /* FilterImageOperation.swift in Sources */,
				50B524E624D9AF170042BFA1 /* LSISplashScreenViewController.m in Sources */,
				50444F9C24D887620048EFE7 /* LSIErrors.m in Sources */,
				50B524F824DA47BF0042BFA1 /* Image+Filtering.swift in Sources */,
			);
			runOnlyForDeploymentPostprocessing = 0;
		};
/* End PBXSourcesBuildPhase section */

/* Begin PBXVariantGroup section */
		50444F8324D887110048EFE7 /* Main.storyboard */ = {
			isa = PBXVariantGroup;
			children = (
				50444F8424D887110048EFE7 /* Base */,
			);
			name = Main.storyboard;
			sourceTree = "<group>";
		};
		50444F8824D887130048EFE7 /* LaunchScreen.storyboard */ = {
			isa = PBXVariantGroup;
			children = (
				50444F8924D887130048EFE7 /* Base */,
			);
			name = LaunchScreen.storyboard;
			sourceTree = "<group>";
		};
/* End PBXVariantGroup section */

/* Begin XCBuildConfiguration section */
		50444F8E24D887130048EFE7 /* Debug */ = {
			isa = XCBuildConfiguration;
			buildSettings = {
				ALWAYS_SEARCH_USER_PATHS = NO;
				CLANG_ANALYZER_NONNULL = YES;
				CLANG_ANALYZER_NUMBER_OBJECT_CONVERSION = YES_AGGRESSIVE;
				CLANG_CXX_LANGUAGE_STANDARD = "gnu++14";
				CLANG_CXX_LIBRARY = "libc++";
				CLANG_ENABLE_MODULES = YES;
				CLANG_ENABLE_OBJC_ARC = YES;
				CLANG_ENABLE_OBJC_WEAK = YES;
				CLANG_WARN_BLOCK_CAPTURE_AUTORELEASING = YES;
				CLANG_WARN_BOOL_CONVERSION = YES;
				CLANG_WARN_COMMA = YES;
				CLANG_WARN_CONSTANT_CONVERSION = YES;
				CLANG_WARN_DEPRECATED_OBJC_IMPLEMENTATIONS = YES;
				CLANG_WARN_DIRECT_OBJC_ISA_USAGE = YES_ERROR;
				CLANG_WARN_DOCUMENTATION_COMMENTS = YES;
				CLANG_WARN_EMPTY_BODY = YES;
				CLANG_WARN_ENUM_CONVERSION = YES;
				CLANG_WARN_INFINITE_RECURSION = YES;
				CLANG_WARN_INT_CONVERSION = YES;
				CLANG_WARN_NON_LITERAL_NULL_CONVERSION = YES;
				CLANG_WARN_OBJC_IMPLICIT_RETAIN_SELF = YES;
				CLANG_WARN_OBJC_LITERAL_CONVERSION = YES;
				CLANG_WARN_OBJC_ROOT_CLASS = YES_ERROR;
				CLANG_WARN_RANGE_LOOP_ANALYSIS = YES;
				CLANG_WARN_STRICT_PROTOTYPES = YES;
				CLANG_WARN_SUSPICIOUS_MOVE = YES;
				CLANG_WARN_UNGUARDED_AVAILABILITY = YES_AGGRESSIVE;
				CLANG_WARN_UNREACHABLE_CODE = YES;
				CLANG_WARN__DUPLICATE_METHOD_MATCH = YES;
				COPY_PHASE_STRIP = NO;
				DEBUG_INFORMATION_FORMAT = dwarf;
				ENABLE_STRICT_OBJC_MSGSEND = YES;
				ENABLE_TESTABILITY = YES;
				GCC_C_LANGUAGE_STANDARD = gnu11;
				GCC_DYNAMIC_NO_PIC = NO;
				GCC_NO_COMMON_BLOCKS = YES;
				GCC_OPTIMIZATION_LEVEL = 0;
				GCC_PREPROCESSOR_DEFINITIONS = (
					"DEBUG=1",
					"$(inherited)",
				);
				GCC_WARN_64_TO_32_BIT_CONVERSION = YES;
				GCC_WARN_ABOUT_RETURN_TYPE = YES_ERROR;
				GCC_WARN_UNDECLARED_SELECTOR = YES;
				GCC_WARN_UNINITIALIZED_AUTOS = YES_AGGRESSIVE;
				GCC_WARN_UNUSED_FUNCTION = YES;
				GCC_WARN_UNUSED_VARIABLE = YES;
				IPHONEOS_DEPLOYMENT_TARGET = 13.6;
				MTL_ENABLE_DEBUG_INFO = INCLUDE_SOURCE;
				MTL_FAST_MATH = YES;
				ONLY_ACTIVE_ARCH = YES;
				SDKROOT = iphoneos;
			};
			name = Debug;
		};
		50444F8F24D887130048EFE7 /* Release */ = {
			isa = XCBuildConfiguration;
			buildSettings = {
				ALWAYS_SEARCH_USER_PATHS = NO;
				CLANG_ANALYZER_NONNULL = YES;
				CLANG_ANALYZER_NUMBER_OBJECT_CONVERSION = YES_AGGRESSIVE;
				CLANG_CXX_LANGUAGE_STANDARD = "gnu++14";
				CLANG_CXX_LIBRARY = "libc++";
				CLANG_ENABLE_MODULES = YES;
				CLANG_ENABLE_OBJC_ARC = YES;
				CLANG_ENABLE_OBJC_WEAK = YES;
				CLANG_WARN_BLOCK_CAPTURE_AUTORELEASING = YES;
				CLANG_WARN_BOOL_CONVERSION = YES;
				CLANG_WARN_COMMA = YES;
				CLANG_WARN_CONSTANT_CONVERSION = YES;
				CLANG_WARN_DEPRECATED_OBJC_IMPLEMENTATIONS = YES;
				CLANG_WARN_DIRECT_OBJC_ISA_USAGE = YES_ERROR;
				CLANG_WARN_DOCUMENTATION_COMMENTS = YES;
				CLANG_WARN_EMPTY_BODY = YES;
				CLANG_WARN_ENUM_CONVERSION = YES;
				CLANG_WARN_INFINITE_RECURSION = YES;
				CLANG_WARN_INT_CONVERSION = YES;
				CLANG_WARN_NON_LITERAL_NULL_CONVERSION = YES;
				CLANG_WARN_OBJC_IMPLICIT_RETAIN_SELF = YES;
				CLANG_WARN_OBJC_LITERAL_CONVERSION = YES;
				CLANG_WARN_OBJC_ROOT_CLASS = YES_ERROR;
				CLANG_WARN_RANGE_LOOP_ANALYSIS = YES;
				CLANG_WARN_STRICT_PROTOTYPES = YES;
				CLANG_WARN_SUSPICIOUS_MOVE = YES;
				CLANG_WARN_UNGUARDED_AVAILABILITY = YES_AGGRESSIVE;
				CLANG_WARN_UNREACHABLE_CODE = YES;
				CLANG_WARN__DUPLICATE_METHOD_MATCH = YES;
				COPY_PHASE_STRIP = NO;
				DEBUG_INFORMATION_FORMAT = "dwarf-with-dsym";
				ENABLE_NS_ASSERTIONS = NO;
				ENABLE_STRICT_OBJC_MSGSEND = YES;
				GCC_C_LANGUAGE_STANDARD = gnu11;
				GCC_NO_COMMON_BLOCKS = YES;
				GCC_WARN_64_TO_32_BIT_CONVERSION = YES;
				GCC_WARN_ABOUT_RETURN_TYPE = YES_ERROR;
				GCC_WARN_UNDECLARED_SELECTOR = YES;
				GCC_WARN_UNINITIALIZED_AUTOS = YES_AGGRESSIVE;
				GCC_WARN_UNUSED_FUNCTION = YES;
				GCC_WARN_UNUSED_VARIABLE = YES;
				IPHONEOS_DEPLOYMENT_TARGET = 13.6;
				MTL_ENABLE_DEBUG_INFO = NO;
				MTL_FAST_MATH = YES;
				SDKROOT = iphoneos;
				VALIDATE_PRODUCT = YES;
			};
			name = Release;
		};
		50444F9124D887130048EFE7 /* Debug */ = {
			isa = XCBuildConfiguration;
			buildSettings = {
				ASSETCATALOG_COMPILER_APPICON_NAME = AppIcon;
				CODE_SIGN_STYLE = Automatic;
				DEVELOPMENT_TEAM = 6WA5TYMFND;
				INFOPLIST_FILE = AstronomyPictureOfTheDay/Info.plist;
				LD_RUNPATH_SEARCH_PATHS = (
					"$(inherited)",
					"@executable_path/Frameworks",
				);
				PRODUCT_BUNDLE_IDENTIFIER = com.KelsonHartle.AstronomyPictureOfTheDay;
				PRODUCT_NAME = "$(TARGET_NAME)";
				SWIFT_OBJC_BRIDGING_HEADER = AstronomyPictureOfTheDay/AstronomyPictureOfTheDay.h;
				SWIFT_VERSION = 5.0;
				TARGETED_DEVICE_FAMILY = "1,2";
			};
			name = Debug;
		};
		50444F9224D887130048EFE7 /* Release */ = {
			isa = XCBuildConfiguration;
			buildSettings = {
				ASSETCATALOG_COMPILER_APPICON_NAME = AppIcon;
				CODE_SIGN_STYLE = Automatic;
				DEVELOPMENT_TEAM = 6WA5TYMFND;
				INFOPLIST_FILE = AstronomyPictureOfTheDay/Info.plist;
				LD_RUNPATH_SEARCH_PATHS = (
					"$(inherited)",
					"@executable_path/Frameworks",
				);
				PRODUCT_BUNDLE_IDENTIFIER = com.KelsonHartle.AstronomyPictureOfTheDay;
				PRODUCT_NAME = "$(TARGET_NAME)";
				SWIFT_OBJC_BRIDGING_HEADER = AstronomyPictureOfTheDay/AstronomyPictureOfTheDay.h;
				SWIFT_VERSION = 5.0;
				TARGETED_DEVICE_FAMILY = "1,2";
			};
			name = Release;
		};
/* End XCBuildConfiguration section */

/* Begin XCConfigurationList section */
		50444F7224D887110048EFE7 /* Build configuration list for PBXProject "AstronomyPictureOfTheDay" */ = {
			isa = XCConfigurationList;
			buildConfigurations = (
				50444F8E24D887130048EFE7 /* Debug */,
				50444F8F24D887130048EFE7 /* Release */,
			);
			defaultConfigurationIsVisible = 0;
			defaultConfigurationName = Release;
		};
		50444F9024D887130048EFE7 /* Build configuration list for PBXNativeTarget "AstronomyPictureOfTheDay" */ = {
			isa = XCConfigurationList;
			buildConfigurations = (
				50444F9124D887130048EFE7 /* Debug */,
				50444F9224D887130048EFE7 /* Release */,
			);
			defaultConfigurationIsVisible = 0;
			defaultConfigurationName = Release;
		};
/* End XCConfigurationList section */
	};
	rootObject = 50444F6F24D887110048EFE7 /* Project object */;
}
